// !$*UTF8*$!
{
	archiveVersion = 1;
	classes = {
	};
	objectVersion = 50;
	objects = {

/* Begin PBXBuildFile section */
		C850CC4A2549EEEC000A1803 /* AppDelegate.swift in Sources */ = {isa = PBXBuildFile; fileRef = C850CC492549EEEC000A1803 /* AppDelegate.swift */; };
		C850CC4C2549EEEC000A1803 /* SceneDelegate.swift in Sources */ = {isa = PBXBuildFile; fileRef = C850CC4B2549EEEC000A1803 /* SceneDelegate.swift */; };
		C850CC4E2549EEEC000A1803 /* GameViewController.swift in Sources */ = {isa = PBXBuildFile; fileRef = C850CC4D2549EEEC000A1803 /* GameViewController.swift */; };
		C850CC512549EEEC000A1803 /* Main.storyboard in Resources */ = {isa = PBXBuildFile; fileRef = C850CC4F2549EEEC000A1803 /* Main.storyboard */; };
		C850CC532549EEED000A1803 /* Assets.xcassets in Resources */ = {isa = PBXBuildFile; fileRef = C850CC522549EEED000A1803 /* Assets.xcassets */; };
		C850CC562549EEED000A1803 /* LaunchScreen.storyboard in Resources */ = {isa = PBXBuildFile; fileRef = C850CC542549EEED000A1803 /* LaunchScreen.storyboard */; };
		C850CC63254A6A32000A1803 /* Question.swift in Sources */ = {isa = PBXBuildFile; fileRef = C850CC62254A6A32000A1803 /* Question.swift */; };
		C850CC66254B4C85000A1803 /* QuestionData.swift in Sources */ = {isa = PBXBuildFile; fileRef = C850CC65254B4C85000A1803 /* QuestionData.swift */; };
		C850CC6D254D49D6000A1803 /* MainViewController.swift in Sources */ = {isa = PBXBuildFile; fileRef = C850CC6C254D49D6000A1803 /* MainViewController.swift */; };
		C850CC72254D4C1B000A1803 /* ResultViewController.swift in Sources */ = {isa = PBXBuildFile; fileRef = C850CC71254D4C1B000A1803 /* ResultViewController.swift */; };
		C850CC79254D5166000A1803 /* ResultTableViewCell.swift in Sources */ = {isa = PBXBuildFile; fileRef = C850CC77254D5166000A1803 /* ResultTableViewCell.swift */; };
		C850CC7A254D5166000A1803 /* ResultTableViewCell.xib in Resources */ = {isa = PBXBuildFile; fileRef = C850CC78254D5166000A1803 /* ResultTableViewCell.xib */; };
		C8627B4D254D656E00A570FE /* ResultViewController+TableView.swift in Sources */ = {isa = PBXBuildFile; fileRef = C8627B4C254D656E00A570FE /* ResultViewController+TableView.swift */; };
		C8894419254EF39A00DEE93B /* GameSession.swift in Sources */ = {isa = PBXBuildFile; fileRef = C8894418254EF39A00DEE93B /* GameSession.swift */; };
		C889441D254EF48800DEE93B /* GameSingletone.swift in Sources */ = {isa = PBXBuildFile; fileRef = C889441C254EF48800DEE93B /* GameSingletone.swift */; };
		C8894421254EF75600DEE93B /* GameSessionsCaretaker.swift in Sources */ = {isa = PBXBuildFile; fileRef = C8894420254EF75600DEE93B /* GameSessionsCaretaker.swift */; };
		C88944292553042000DEE93B /* Difficulty.swift in Sources */ = {isa = PBXBuildFile; fileRef = C88944282553042000DEE93B /* Difficulty.swift */; };
		C889442C2553056200DEE93B /* NormalQuestionStrategy.swift in Sources */ = {isa = PBXBuildFile; fileRef = C889442B2553056200DEE93B /* NormalQuestionStrategy.swift */; };
		C889442F2553057900DEE93B /* RandomQuestionStrategy.swift in Sources */ = {isa = PBXBuildFile; fileRef = C889442E2553057900DEE93B /* RandomQuestionStrategy.swift */; };
		C88944322553059200DEE93B /* QuestionStrategyProtocol.swift in Sources */ = {isa = PBXBuildFile; fileRef = C88944312553059200DEE93B /* QuestionStrategyProtocol.swift */; };
		C8C07E482553249000A43ACC /* Oservable.swift in Sources */ = {isa = PBXBuildFile; fileRef = C8C07E472553249000A43ACC /* Oservable.swift */; };
		C8C07E4C25534FD100A43ACC /* CustomQuestionViewController.swift in Sources */ = {isa = PBXBuildFile; fileRef = C8C07E4B25534FD100A43ACC /* CustomQuestionViewController.swift */; };
/* End PBXBuildFile section */

/* Begin PBXFileReference section */
		C850CC462549EEEC000A1803 /* Millionaire.app */ = {isa = PBXFileReference; explicitFileType = wrapper.application; includeInIndex = 0; path = Millionaire.app; sourceTree = BUILT_PRODUCTS_DIR; };
		C850CC492549EEEC000A1803 /* AppDelegate.swift */ = {isa = PBXFileReference; lastKnownFileType = sourcecode.swift; path = AppDelegate.swift; sourceTree = "<group>"; };
		C850CC4B2549EEEC000A1803 /* SceneDelegate.swift */ = {isa = PBXFileReference; lastKnownFileType = sourcecode.swift; path = SceneDelegate.swift; sourceTree = "<group>"; };
		C850CC4D2549EEEC000A1803 /* GameViewController.swift */ = {isa = PBXFileReference; lastKnownFileType = sourcecode.swift; path = GameViewController.swift; sourceTree = "<group>"; };
		C850CC502549EEEC000A1803 /* Base */ = {isa = PBXFileReference; lastKnownFileType = file.storyboard; name = Base; path = Base.lproj/Main.storyboard; sourceTree = "<group>"; };
		C850CC522549EEED000A1803 /* Assets.xcassets */ = {isa = PBXFileReference; lastKnownFileType = folder.assetcatalog; path = Assets.xcassets; sourceTree = "<group>"; };
		C850CC552549EEED000A1803 /* Base */ = {isa = PBXFileReference; lastKnownFileType = file.storyboard; name = Base; path = Base.lproj/LaunchScreen.storyboard; sourceTree = "<group>"; };
		C850CC572549EEED000A1803 /* Info.plist */ = {isa = PBXFileReference; lastKnownFileType = text.plist.xml; path = Info.plist; sourceTree = "<group>"; };
		C850CC62254A6A32000A1803 /* Question.swift */ = {isa = PBXFileReference; lastKnownFileType = sourcecode.swift; path = Question.swift; sourceTree = "<group>"; };
		C850CC65254B4C85000A1803 /* QuestionData.swift */ = {isa = PBXFileReference; lastKnownFileType = sourcecode.swift; path = QuestionData.swift; sourceTree = "<group>"; };
		C850CC6C254D49D6000A1803 /* MainViewController.swift */ = {isa = PBXFileReference; lastKnownFileType = sourcecode.swift; path = MainViewController.swift; sourceTree = "<group>"; };
		C850CC71254D4C1B000A1803 /* ResultViewController.swift */ = {isa = PBXFileReference; lastKnownFileType = sourcecode.swift; path = ResultViewController.swift; sourceTree = "<group>"; };
		C850CC77254D5166000A1803 /* ResultTableViewCell.swift */ = {isa = PBXFileReference; lastKnownFileType = sourcecode.swift; path = ResultTableViewCell.swift; sourceTree = "<group>"; };
		C850CC78254D5166000A1803 /* ResultTableViewCell.xib */ = {isa = PBXFileReference; lastKnownFileType = file.xib; path = ResultTableViewCell.xib; sourceTree = "<group>"; };
		C8627B4C254D656E00A570FE /* ResultViewController+TableView.swift */ = {isa = PBXFileReference; lastKnownFileType = sourcecode.swift; path = "ResultViewController+TableView.swift"; sourceTree = "<group>"; };
		C8894418254EF39A00DEE93B /* GameSession.swift */ = {isa = PBXFileReference; lastKnownFileType = sourcecode.swift; path = GameSession.swift; sourceTree = "<group>"; };
		C889441C254EF48800DEE93B /* GameSingletone.swift */ = {isa = PBXFileReference; lastKnownFileType = sourcecode.swift; path = GameSingletone.swift; sourceTree = "<group>"; };
		C8894420254EF75600DEE93B /* GameSessionsCaretaker.swift */ = {isa = PBXFileReference; lastKnownFileType = sourcecode.swift; path = GameSessionsCaretaker.swift; sourceTree = "<group>"; };
		C88944282553042000DEE93B /* Difficulty.swift */ = {isa = PBXFileReference; lastKnownFileType = sourcecode.swift; path = Difficulty.swift; sourceTree = "<group>"; };
		C889442B2553056200DEE93B /* NormalQuestionStrategy.swift */ = {isa = PBXFileReference; lastKnownFileType = sourcecode.swift; path = NormalQuestionStrategy.swift; sourceTree = "<group>"; };
		C889442E2553057900DEE93B /* RandomQuestionStrategy.swift */ = {isa = PBXFileReference; lastKnownFileType = sourcecode.swift; path = RandomQuestionStrategy.swift; sourceTree = "<group>"; };
		C88944312553059200DEE93B /* QuestionStrategyProtocol.swift */ = {isa = PBXFileReference; lastKnownFileType = sourcecode.swift; path = QuestionStrategyProtocol.swift; sourceTree = "<group>"; };
		C8C07E472553249000A43ACC /* Oservable.swift */ = {isa = PBXFileReference; lastKnownFileType = sourcecode.swift; path = Oservable.swift; sourceTree = "<group>"; };
		C8C07E4B25534FD100A43ACC /* CustomQuestionViewController.swift */ = {isa = PBXFileReference; lastKnownFileType = sourcecode.swift; path = CustomQuestionViewController.swift; sourceTree = "<group>"; };
/* End PBXFileReference section */

/* Begin PBXFrameworksBuildPhase section */
		C850CC432549EEEC000A1803 /* Frameworks */ = {
			isa = PBXFrameworksBuildPhase;
			buildActionMask = 2147483647;
			files = (
			);
			runOnlyForDeploymentPostprocessing = 0;
		};
/* End PBXFrameworksBuildPhase section */

/* Begin PBXGroup section */
		C850CC3D2549EEEB000A1803 = {
			isa = PBXGroup;
			children = (
				C850CC482549EEEC000A1803 /* Millionaire */,
				C850CC472549EEEC000A1803 /* Products */,
			);
			sourceTree = "<group>";
		};
		C850CC472549EEEC000A1803 /* Products */ = {
			isa = PBXGroup;
			children = (
				C850CC462549EEEC000A1803 /* Millionaire.app */,
			);
			name = Products;
			sourceTree = "<group>";
		};
		C850CC482549EEEC000A1803 /* Millionaire */ = {
			isa = PBXGroup;
			children = (
				C889441B254EF46800DEE93B /* Singletone */,
				C889441F254EF68C00DEE93B /* Memento */,
				C8C07E462553245600A43ACC /* Oservable */,
				C8894427255303E200DEE93B /* Strategy */,
				C850CC69254D48F1000A1803 /* Models */,
				C850CC75254D50A1000A1803 /* Components */,
				C850CC6A254D4910000A1803 /* Screens */,
				C850CC5E2549EF10000A1803 /* SupportingFiles */,
				C850CC572549EEED000A1803 /* Info.plist */,
			);
			path = Millionaire;
			sourceTree = "<group>";
		};
		C850CC5E2549EF10000A1803 /* SupportingFiles */ = {
			isa = PBXGroup;
			children = (
				C850CC492549EEEC000A1803 /* AppDelegate.swift */,
				C850CC4B2549EEEC000A1803 /* SceneDelegate.swift */,
				C850CC522549EEED000A1803 /* Assets.xcassets */,
				C850CC542549EEED000A1803 /* LaunchScreen.storyboard */,
			);
			path = SupportingFiles;
			sourceTree = "<group>";
		};
		C850CC69254D48F1000A1803 /* Models */ = {
			isa = PBXGroup;
			children = (
				C850CC62254A6A32000A1803 /* Question.swift */,
				C850CC65254B4C85000A1803 /* QuestionData.swift */,
				C8894418254EF39A00DEE93B /* GameSession.swift */,
			);
			path = Models;
			sourceTree = "<group>";
		};
		C850CC6A254D4910000A1803 /* Screens */ = {
			isa = PBXGroup;
			children = (
				C850CC6B254D494B000A1803 /* Storyboard */,
				C8894423254F3C8E00DEE93B /* Main */,
				C8894424254F3CA800DEE93B /* Game */,
				C8627B4F254D657B00A570FE /* Result */,
				C8C07E4A25534F6700A43ACC /* CustomQuestion */,
			);
			path = Screens;
			sourceTree = "<group>";
		};
		C850CC6B254D494B000A1803 /* Storyboard */ = {
			isa = PBXGroup;
			children = (
				C850CC4F2549EEEC000A1803 /* Main.storyboard */,
			);
			path = Storyboard;
			sourceTree = "<group>";
		};
		C850CC75254D50A1000A1803 /* Components */ = {
			isa = PBXGroup;
			children = (
				C850CC76254D50EF000A1803 /* ResultCell */,
			);
			path = Components;
			sourceTree = "<group>";
		};
		C850CC76254D50EF000A1803 /* ResultCell */ = {
			isa = PBXGroup;
			children = (
				C850CC77254D5166000A1803 /* ResultTableViewCell.swift */,
				C850CC78254D5166000A1803 /* ResultTableViewCell.xib */,
			);
			path = ResultCell;
			sourceTree = "<group>";
		};
		C8627B4F254D657B00A570FE /* Result */ = {
			isa = PBXGroup;
			children = (
				C850CC71254D4C1B000A1803 /* ResultViewController.swift */,
				C8627B4C254D656E00A570FE /* ResultViewController+TableView.swift */,
			);
			path = Result;
			sourceTree = "<group>";
		};
		C889441B254EF46800DEE93B /* Singletone */ = {
			isa = PBXGroup;
			children = (
				C889441C254EF48800DEE93B /* GameSingletone.swift */,
			);
			path = Singletone;
			sourceTree = "<group>";
		};
		C889441F254EF68C00DEE93B /* Memento */ = {
			isa = PBXGroup;
			children = (
				C8894420254EF75600DEE93B /* GameSessionsCaretaker.swift */,
			);
			path = Memento;
			sourceTree = "<group>";
		};
		C8894423254F3C8E00DEE93B /* Main */ = {
			isa = PBXGroup;
			children = (
				C850CC6C254D49D6000A1803 /* MainViewController.swift */,
			);
			path = Main;
			sourceTree = "<group>";
		};
		C8894424254F3CA800DEE93B /* Game */ = {
			isa = PBXGroup;
			children = (
				C850CC4D2549EEEC000A1803 /* GameViewController.swift */,
			);
			path = Game;
			sourceTree = "<group>";
		};
		C8894427255303E200DEE93B /* Strategy */ = {
			isa = PBXGroup;
			children = (
				C88944282553042000DEE93B /* Difficulty.swift */,
				C88944312553059200DEE93B /* QuestionStrategyProtocol.swift */,
				C889442B2553056200DEE93B /* NormalQuestionStrategy.swift */,
				C889442E2553057900DEE93B /* RandomQuestionStrategy.swift */,
			);
			path = Strategy;
			sourceTree = "<group>";
		};
		C8C07E462553245600A43ACC /* Oservable */ = {
			isa = PBXGroup;
			children = (
				C8C07E472553249000A43ACC /* Oservable.swift */,
			);
			path = Oservable;
			sourceTree = "<group>";
		};
		C8C07E4A25534F6700A43ACC /* CustomQuestion */ = {
			isa = PBXGroup;
			children = (
				C8C07E4B25534FD100A43ACC /* CustomQuestionViewController.swift */,
			);
			path = CustomQuestion;
			sourceTree = "<group>";
		};
/* End PBXGroup section */

/* Begin PBXNativeTarget section */
		C850CC452549EEEC000A1803 /* Millionaire */ = {
			isa = PBXNativeTarget;
			buildConfigurationList = C850CC5A2549EEED000A1803 /* Build configuration list for PBXNativeTarget "Millionaire" */;
			buildPhases = (
				C850CC422549EEEC000A1803 /* Sources */,
				C850CC432549EEEC000A1803 /* Frameworks */,
				C850CC442549EEEC000A1803 /* Resources */,
			);
			buildRules = (
			);
			dependencies = (
			);
			name = Millionaire;
			productName = Millionaire;
			productReference = C850CC462549EEEC000A1803 /* Millionaire.app */;
			productType = "com.apple.product-type.application";
		};
/* End PBXNativeTarget section */

/* Begin PBXProject section */
		C850CC3E2549EEEB000A1803 /* Project object */ = {
			isa = PBXProject;
			attributes = {
				LastSwiftUpdateCheck = 1210;
				LastUpgradeCheck = 1210;
				TargetAttributes = {
					C850CC452549EEEC000A1803 = {
						CreatedOnToolsVersion = 12.1;
					};
				};
			};
			buildConfigurationList = C850CC412549EEEB000A1803 /* Build configuration list for PBXProject "Millionaire" */;
			compatibilityVersion = "Xcode 9.3";
			developmentRegion = en;
			hasScannedForEncodings = 0;
			knownRegions = (
				en,
				Base,
			);
			mainGroup = C850CC3D2549EEEB000A1803;
			productRefGroup = C850CC472549EEEC000A1803 /* Products */;
			projectDirPath = "";
			projectRoot = "";
			targets = (
				C850CC452549EEEC000A1803 /* Millionaire */,
			);
		};
/* End PBXProject section */

/* Begin PBXResourcesBuildPhase section */
		C850CC442549EEEC000A1803 /* Resources */ = {
			isa = PBXResourcesBuildPhase;
			buildActionMask = 2147483647;
			files = (
				C850CC562549EEED000A1803 /* LaunchScreen.storyboard in Resources */,
				C850CC532549EEED000A1803 /* Assets.xcassets in Resources */,
				C850CC7A254D5166000A1803 /* ResultTableViewCell.xib in Resources */,
				C850CC512549EEEC000A1803 /* Main.storyboard in Resources */,
			);
			runOnlyForDeploymentPostprocessing = 0;
		};
/* End PBXResourcesBuildPhase section */

/* Begin PBXSourcesBuildPhase section */
		C850CC422549EEEC000A1803 /* Sources */ = {
			isa = PBXSourcesBuildPhase;
			buildActionMask = 2147483647;
			files = (
				C8627B4D254D656E00A570FE /* ResultViewController+TableView.swift in Sources */,
				C889442C2553056200DEE93B /* NormalQuestionStrategy.swift in Sources */,
				C850CC4E2549EEEC000A1803 /* GameViewController.swift in Sources */,
				C8894419254EF39A00DEE93B /* GameSession.swift in Sources */,
				C850CC63254A6A32000A1803 /* Question.swift in Sources */,
				C8C07E482553249000A43ACC /* Oservable.swift in Sources */,
				C850CC79254D5166000A1803 /* ResultTableViewCell.swift in Sources */,
				C850CC72254D4C1B000A1803 /* ResultViewController.swift in Sources */,
				C850CC66254B4C85000A1803 /* QuestionData.swift in Sources */,
				C889441D254EF48800DEE93B /* GameSingletone.swift in Sources */,
				C850CC6D254D49D6000A1803 /* MainViewController.swift in Sources */,
				C889442F2553057900DEE93B /* RandomQuestionStrategy.swift in Sources */,
				C8894421254EF75600DEE93B /* GameSessionsCaretaker.swift in Sources */,
				C8C07E4C25534FD100A43ACC /* CustomQuestionViewController.swift in Sources */,
				C88944322553059200DEE93B /* QuestionStrategyProtocol.swift in Sources */,
				C850CC4A2549EEEC000A1803 /* AppDelegate.swift in Sources */,
				C850CC4C2549EEEC000A1803 /* SceneDelegate.swift in Sources */,
				C88944292553042000DEE93B /* Difficulty.swift in Sources */,
			);
			runOnlyForDeploymentPostprocessing = 0;
		};
/* End PBXSourcesBuildPhase section */

/* Begin PBXVariantGroup section */
		C850CC4F2549EEEC000A1803 /* Main.storyboard */ = {
			isa = PBXVariantGroup;
			children = (
				C850CC502549EEEC000A1803 /* Base */,
			);
			name = Main.storyboard;
			sourceTree = "<group>";
		};
		C850CC542549EEED000A1803 /* LaunchScreen.storyboard */ = {
			isa = PBXVariantGroup;
			children = (
				C850CC552549EEED000A1803 /* Base */,
			);
			name = LaunchScreen.storyboard;
			sourceTree = "<group>";
		};
/* End PBXVariantGroup section */

/* Begin XCBuildConfiguration section */
		C850CC582549EEED000A1803 /* Debug */ = {
			isa = XCBuildConfiguration;
			buildSettings = {
				ALWAYS_SEARCH_USER_PATHS = NO;
				CLANG_ANALYZER_NONNULL = YES;
				CLANG_ANALYZER_NUMBER_OBJECT_CONVERSION = YES_AGGRESSIVE;
				CLANG_CXX_LANGUAGE_STANDARD = "gnu++14";
				CLANG_CXX_LIBRARY = "libc++";
				CLANG_ENABLE_MODULES = YES;
				CLANG_ENABLE_OBJC_ARC = YES;
				CLANG_ENABLE_OBJC_WEAK = YES;
				CLANG_WARN_BLOCK_CAPTURE_AUTORELEASING = YES;
				CLANG_WARN_BOOL_CONVERSION = YES;
				CLANG_WARN_COMMA = YES;
				CLANG_WARN_CONSTANT_CONVERSION = YES;
				CLANG_WARN_DEPRECATED_OBJC_IMPLEMENTATIONS = YES;
				CLANG_WARN_DIRECT_OBJC_ISA_USAGE = YES_ERROR;
				CLANG_WARN_DOCUMENTATION_COMMENTS = YES;
				CLANG_WARN_EMPTY_BODY = YES;
				CLANG_WARN_ENUM_CONVERSION = YES;
				CLANG_WARN_INFINITE_RECURSION = YES;
				CLANG_WARN_INT_CONVERSION = YES;
				CLANG_WARN_NON_LITERAL_NULL_CONVERSION = YES;
				CLANG_WARN_OBJC_IMPLICIT_RETAIN_SELF = YES;
				CLANG_WARN_OBJC_LITERAL_CONVERSION = YES;
				CLANG_WARN_OBJC_ROOT_CLASS = YES_ERROR;
				CLANG_WARN_QUOTED_INCLUDE_IN_FRAMEWORK_HEADER = YES;
				CLANG_WARN_RANGE_LOOP_ANALYSIS = YES;
				CLANG_WARN_STRICT_PROTOTYPES = YES;
				CLANG_WARN_SUSPICIOUS_MOVE = YES;
				CLANG_WARN_UNGUARDED_AVAILABILITY = YES_AGGRESSIVE;
				CLANG_WARN_UNREACHABLE_CODE = YES;
				CLANG_WARN__DUPLICATE_METHOD_MATCH = YES;
				COPY_PHASE_STRIP = NO;
				DEBUG_INFORMATION_FORMAT = dwarf;
				ENABLE_STRICT_OBJC_MSGSEND = YES;
				ENABLE_TESTABILITY = YES;
				GCC_C_LANGUAGE_STANDARD = gnu11;
				GCC_DYNAMIC_NO_PIC = NO;
				GCC_NO_COMMON_BLOCKS = YES;
				GCC_OPTIMIZATION_LEVEL = 0;
				GCC_PREPROCESSOR_DEFINITIONS = (
					"DEBUG=1",
					"$(inherited)",
				);
				GCC_WARN_64_TO_32_BIT_CONVERSION = YES;
				GCC_WARN_ABOUT_RETURN_TYPE = YES_ERROR;
				GCC_WARN_UNDECLARED_SELECTOR = YES;
				GCC_WARN_UNINITIALIZED_AUTOS = YES_AGGRESSIVE;
				GCC_WARN_UNUSED_FUNCTION = YES;
				GCC_WARN_UNUSED_VARIABLE = YES;
				IPHONEOS_DEPLOYMENT_TARGET = 14.1;
				MTL_ENABLE_DEBUG_INFO = INCLUDE_SOURCE;
				MTL_FAST_MATH = YES;
				ONLY_ACTIVE_ARCH = YES;
				SDKROOT = iphoneos;
				SWIFT_ACTIVE_COMPILATION_CONDITIONS = DEBUG;
				SWIFT_OPTIMIZATION_LEVEL = "-Onone";
			};
			name = Debug;
		};
		C850CC592549EEED000A1803 /* Release */ = {
			isa = XCBuildConfiguration;
			buildSettings = {
				ALWAYS_SEARCH_USER_PATHS = NO;
				CLANG_ANALYZER_NONNULL = YES;
				CLANG_ANALYZER_NUMBER_OBJECT_CONVERSION = YES_AGGRESSIVE;
				CLANG_CXX_LANGUAGE_STANDARD = "gnu++14";
				CLANG_CXX_LIBRARY = "libc++";
				CLANG_ENABLE_MODULES = YES;
				CLANG_ENABLE_OBJC_ARC = YES;
				CLANG_ENABLE_OBJC_WEAK = YES;
				CLANG_WARN_BLOCK_CAPTURE_AUTORELEASING = YES;
				CLANG_WARN_BOOL_CONVERSION = YES;
				CLANG_WARN_COMMA = YES;
				CLANG_WARN_CONSTANT_CONVERSION = YES;
				CLANG_WARN_DEPRECATED_OBJC_IMPLEMENTATIONS = YES;
				CLANG_WARN_DIRECT_OBJC_ISA_USAGE = YES_ERROR;
				CLANG_WARN_DOCUMENTATION_COMMENTS = YES;
				CLANG_WARN_EMPTY_BODY = YES;
				CLANG_WARN_ENUM_CONVERSION = YES;
				CLANG_WARN_INFINITE_RECURSION = YES;
				CLANG_WARN_INT_CONVERSION = YES;
				CLANG_WARN_NON_LITERAL_NULL_CONVERSION = YES;
				CLANG_WARN_OBJC_IMPLICIT_RETAIN_SELF = YES;
				CLANG_WARN_OBJC_LITERAL_CONVERSION = YES;
				CLANG_WARN_OBJC_ROOT_CLASS = YES_ERROR;
				CLANG_WARN_QUOTED_INCLUDE_IN_FRAMEWORK_HEADER = YES;
				CLANG_WARN_RANGE_LOOP_ANALYSIS = YES;
				CLANG_WARN_STRICT_PROTOTYPES = YES;
				CLANG_WARN_SUSPICIOUS_MOVE = YES;
				CLANG_WARN_UNGUARDED_AVAILABILITY = YES_AGGRESSIVE;
				CLANG_WARN_UNREACHABLE_CODE = YES;
				CLANG_WARN__DUPLICATE_METHOD_MATCH = YES;
				COPY_PHASE_STRIP = NO;
				DEBUG_INFORMATION_FORMAT = "dwarf-with-dsym";
				ENABLE_NS_ASSERTIONS = NO;
				ENABLE_STRICT_OBJC_MSGSEND = YES;
				GCC_C_LANGUAGE_STANDARD = gnu11;
				GCC_NO_COMMON_BLOCKS = YES;
				GCC_WARN_64_TO_32_BIT_CONVERSION = YES;
				GCC_WARN_ABOUT_RETURN_TYPE = YES_ERROR;
				GCC_WARN_UNDECLARED_SELECTOR = YES;
				GCC_WARN_UNINITIALIZED_AUTOS = YES_AGGRESSIVE;
				GCC_WARN_UNUSED_FUNCTION = YES;
				GCC_WARN_UNUSED_VARIABLE = YES;
				IPHONEOS_DEPLOYMENT_TARGET = 14.1;
				MTL_ENABLE_DEBUG_INFO = NO;
				MTL_FAST_MATH = YES;
				SDKROOT = iphoneos;
				SWIFT_COMPILATION_MODE = wholemodule;
				SWIFT_OPTIMIZATION_LEVEL = "-O";
				VALIDATE_PRODUCT = YES;
			};
			name = Release;
		};
		C850CC5B2549EEED000A1803 /* Debug */ = {
			isa = XCBuildConfiguration;
			buildSettings = {
				ASSETCATALOG_COMPILER_APPICON_NAME = AppIcon;
				ASSETCATALOG_COMPILER_GLOBAL_ACCENT_COLOR_NAME = AccentColor;
				CODE_SIGN_STYLE = Automatic;
				DEVELOPMENT_TEAM = G2Z4Y76PYN;
				INFOPLIST_FILE = Millionaire/Info.plist;
				LD_RUNPATH_SEARCH_PATHS = (
					"$(inherited)",
					"@executable_path/Frameworks",
				);
				PRODUCT_BUNDLE_IDENTIFIER = rkolossov.Millionaire;
				PRODUCT_NAME = "$(TARGET_NAME)";
				SWIFT_VERSION = 5.0;
				TARGETED_DEVICE_FAMILY = "1,2";
			};
			name = Debug;
		};
		C850CC5C2549EEED000A1803 /* Release */ = {
			isa = XCBuildConfiguration;
			buildSettings = {
				ASSETCATALOG_COMPILER_APPICON_NAME = AppIcon;
				ASSETCATALOG_COMPILER_GLOBAL_ACCENT_COLOR_NAME = AccentColor;
				CODE_SIGN_STYLE = Automatic;
				DEVELOPMENT_TEAM = G2Z4Y76PYN;
				INFOPLIST_FILE = Millionaire/Info.plist;
				LD_RUNPATH_SEARCH_PATHS = (
					"$(inherited)",
					"@executable_path/Frameworks",
				);
				PRODUCT_BUNDLE_IDENTIFIER = rkolossov.Millionaire;
				PRODUCT_NAME = "$(TARGET_NAME)";
				SWIFT_VERSION = 5.0;
				TARGETED_DEVICE_FAMILY = "1,2";
			};
			name = Release;
		};
/* End XCBuildConfiguration section */

/* Begin XCConfigurationList section */
		C850CC412549EEEB000A1803 /* Build configuration list for PBXProject "Millionaire" */ = {
			isa = XCConfigurationList;
			buildConfigurations = (
				C850CC582549EEED000A1803 /* Debug */,
				C850CC592549EEED000A1803 /* Release */,
			);
			defaultConfigurationIsVisible = 0;
			defaultConfigurationName = Release;
		};
		C850CC5A2549EEED000A1803 /* Build configuration list for PBXNativeTarget "Millionaire" */ = {
			isa = XCConfigurationList;
			buildConfigurations = (
				C850CC5B2549EEED000A1803 /* Debug */,
				C850CC5C2549EEED000A1803 /* Release */,
			);
			defaultConfigurationIsVisible = 0;
			defaultConfigurationName = Release;
		};
/* End XCConfigurationList section */
	};
	rootObject = C850CC3E2549EEEB000A1803 /* Project object */;
}
